<Solution>
  <Folder Name="/src/">
    <Project Path="src/TimezoneMeetingCli/TimezoneMeetingCli.csproj" />
  </Folder>
  <Folder Name="/tests/">
    <Project Path="tests/TimezoneMeetingCli.IntegrationTests/TimezoneMeetingCli.IntegrationTests.csproj" />
    <Project Path="tests/TimezoneMeetingCli.UnitTests/TimezoneMeetingCli.UnitTests.csproj" />
  </Folder>
</Solution>
